{
  "nodes": {
    "nixpkgs": {
      "locked": {
        "lastModified": 0,
        "narHash": "sha256-CCS+jIsmI3o0bfQMoC45/6bJ56Dp/M8D94heC29//wI=",
        "path": "/nix/store/7jpd4vn7wihcxr446azvqfw073j7nmx3-source",
        "type": "path"
      },
      "original": {
        "id": "nixpkgs",
        "type": "indirect"
      }
    },
    "root": {
      "inputs": {
        "nixpkgs": "nixpkgs"
      }
    }
  },
  "root": "root",
  "version": 7
}
